PODS:
  - audio_recorder (0.0.1):
    - Flutter
  - Flutter (1.0.0)
  - path_provider (0.0.1):
    - Flutter

DEPENDENCIES:
  - audio_recorder (from `/Users/jordan/audio_recorder/ios`)
  - Flutter (from `/Users/jordan/flutter/bin/cache/artifacts/engine/ios`)
  - path_provider (from `/Users/jordan/.pub-cache/hosted/pub.dartlang.org/path_provider-0.4.1/ios`)

EXTERNAL SOURCES:
  audio_recorder:
    :path: "/Users/jordan/audio_recorder/ios"
  Flutter:
    :path: "/Users/jordan/flutter/bin/cache/artifacts/engine/ios"
  path_provider:
    :path: "/Users/jordan/.pub-cache/hosted/pub.dartlang.org/path_provider-0.4.1/ios"

SPEC CHECKSUMS:
  audio_recorder: 964d124e1109fc012c47a98c3f5d843771a75db7
  Flutter: 9d0fac939486c9aba2809b7982dfdbb47a7b0296
  path_provider: 09407919825bfe3c2deae39453b7a5b44f467873

PODFILE CHECKSUM: cc70c01bca487bebd110b87397f017f3b76a89f1

COCOAPODS: 1.5.3
